
Microsoft Visual Studio Solution File, Format Version 12.00
# Visual Studio Version 17
VisualStudioVersion = 17.3.32922.545
MinimumVisualStudioVersion = 10.0.40219.1
Project("{FAE04EC0-301F-11D3-BF4B-00C04F79EFBC}") = "InterfaceSegregation", "InterfaceSegregation.csproj", "{6BDE8B16-F495-4B80-B8D4-3CD5EC77997F}"
EndProject
Global
	GlobalSection(SolutionConfigurationPlatforms) = preSolution
		Debug|Any CPU = Debug|Any CPU
		Release|Any CPU = Release|Any CPU
	EndGlobalSection
	GlobalSection(ProjectConfigurationPlatforms) = postSolution
		{6BDE8B16-F495-4B80-B8D4-3CD5EC77997F}.Debug|Any CPU.ActiveCfg = Debug|Any CPU
		{6BDE8B16-F495-4B80-B8D4-3CD5EC77997F}.Debug|Any CPU.Build.0 = Debug|Any CPU
		{6BDE8B16-F495-4B80-B8D4-3CD5EC77997F}.Release|Any CPU.ActiveCfg = Release|Any CPU
		{6BDE8B16-F495-4B80-B8D4-3CD5EC77997F}.Release|Any CPU.Build.0 = Release|Any CPU
	EndGlobalSection
	GlobalSection(SolutionProperties) = preSolution
		HideSolutionNode = FALSE
	EndGlobalSection
	GlobalSection(ExtensibilityGlobals) = postSolution
		SolutionGuid = {52BA4165-BF16-4AAF-81C2-8E41FE410104}
	EndGlobalSection
EndGlobal
